
Microsoft Visual Studio Solution File, Format Version 12.00
# Visual Studio Version 17
VisualStudioVersion = 17.14.36429.23 d17.14
MinimumVisualStudioVersion = 10.0.40219.1
Project("{FAE04EC0-301F-11D3-BF4B-00C04F79EFBC}") = "Parking_lot_management-system-uge-10-11", "Parking_lot_management-system-uge-10-11\Parking_lot_management-system-uge-10-11.csproj", "{CB1B8EC4-90ED-4888-8A4B-2DFAD0FC06A1}"
EndProject
Global
	GlobalSection(SolutionConfigurationPlatforms) = preSolution
		Debug|Any CPU = Debug|Any CPU
		Release|Any CPU = Release|Any CPU
	EndGlobalSection
	GlobalSection(ProjectConfigurationPlatforms) = postSolution
		{CB1B8EC4-90ED-4888-8A4B-2DFAD0FC06A1}.Debug|Any CPU.ActiveCfg = Debug|Any CPU
		{CB1B8EC4-90ED-4888-8A4B-2DFAD0FC06A1}.Debug|Any CPU.Build.0 = Debug|Any CPU
		{CB1B8EC4-90ED-4888-8A4B-2DFAD0FC06A1}.Release|Any CPU.ActiveCfg = Release|Any CPU
		{CB1B8EC4-90ED-4888-8A4B-2DFAD0FC06A1}.Release|Any CPU.Build.0 = Release|Any CPU
	EndGlobalSection
	GlobalSection(SolutionProperties) = preSolution
		HideSolutionNode = FALSE
	EndGlobalSection
	GlobalSection(ExtensibilityGlobals) = postSolution
		SolutionGuid = {2C47D31B-6FCD-4271-B30B-675AED2213E8}
	EndGlobalSection
EndGlobal
